
Microsoft Visual Studio Solution File, Format Version 12.00
# Visual Studio 15
VisualStudioVersion = 15.0.28307.539
MinimumVisualStudioVersion = 10.0.40219.1
Project("{FAE04EC0-301F-11D3-BF4B-00C04F79EFBC}") = "yt_SerializationXML", "yt_SerializationXML\yt_SerializationXML.csproj", "{0EC98BF8-C9BD-469D-B5C3-40CFDD64C13F}"
EndProject
Global
	GlobalSection(SolutionConfigurationPlatforms) = preSolution
		Debug|Any CPU = Debug|Any CPU
		Release|Any CPU = Release|Any CPU
	EndGlobalSection
	GlobalSection(ProjectConfigurationPlatforms) = postSolution
		{0EC98BF8-C9BD-469D-B5C3-40CFDD64C13F}.Debug|Any CPU.ActiveCfg = Debug|Any CPU
		{0EC98BF8-C9BD-469D-B5C3-40CFDD64C13F}.Debug|Any CPU.Build.0 = Debug|Any CPU
		{0EC98BF8-C9BD-469D-B5C3-40CFDD64C13F}.Release|Any CPU.ActiveCfg = Release|Any CPU
		{0EC98BF8-C9BD-469D-B5C3-40CFDD64C13F}.Release|Any CPU.Build.0 = Release|Any CPU
	EndGlobalSection
	GlobalSection(SolutionProperties) = preSolution
		HideSolutionNode = FALSE
	EndGlobalSection
	GlobalSection(ExtensibilityGlobals) = postSolution
		SolutionGuid = {C61B01F2-C2D1-479D-B581-F384807A0325}
	EndGlobalSection
EndGlobal
